
Microsoft Visual Studio Solution File, Format Version 12.00
# Visual Studio 15
VisualStudioVersion = 15.0.28010.2003
MinimumVisualStudioVersion = 10.0.40219.1
Project("{9A19103F-16F7-4668-BE54-9A1E7A4F7556}") = "Phonebook.App", "Phonebook\Phonebook.App.csproj", "{CC7B40D6-397D-4422-89F6-0288A76EEAD0}"
EndProject
Project("{9A19103F-16F7-4668-BE54-9A1E7A4F7556}") = "Phonebook.EF", "Phonebook.EF\Phonebook.EF.csproj", "{B1265B43-90CB-4FF1-8DAA-1C35354F1D3E}"
EndProject
Project("{9A19103F-16F7-4668-BE54-9A1E7A4F7556}") = "Phonebook.Domain", "Phonebook.Domain\Phonebook.Domain.csproj", "{54B194E8-7952-43BB-B16D-35EC31735420}"
EndProject
Project("{FAE04EC0-301F-11D3-BF4B-00C04F79EFBC}") = "Phonebook.Shared", "Phonebook.Shared\Phonebook.Shared.csproj", "{C3E85758-5D0E-4643-8706-FF5D612D3DCC}"
EndProject
Project("{FAE04EC0-301F-11D3-BF4B-00C04F79EFBC}") = "Phonebook.Tests", "Phonebook.Tests\Phonebook.Tests.csproj", "{9D1F783F-5AA4-4FF5-ADAF-67B0E1558C28}"
EndProject
Global
	GlobalSection(SolutionConfigurationPlatforms) = preSolution
		Debug|Any CPU = Debug|Any CPU
		Release|Any CPU = Release|Any CPU
	EndGlobalSection
	GlobalSection(ProjectConfigurationPlatforms) = postSolution
		{CC7B40D6-397D-4422-89F6-0288A76EEAD0}.Debug|Any CPU.ActiveCfg = Debug|Any CPU
		{CC7B40D6-397D-4422-89F6-0288A76EEAD0}.Debug|Any CPU.Build.0 = Debug|Any CPU
		{CC7B40D6-397D-4422-89F6-0288A76EEAD0}.Release|Any CPU.ActiveCfg = Release|Any CPU
		{CC7B40D6-397D-4422-89F6-0288A76EEAD0}.Release|Any CPU.Build.0 = Release|Any CPU
		{B1265B43-90CB-4FF1-8DAA-1C35354F1D3E}.Debug|Any CPU.ActiveCfg = Debug|Any CPU
		{B1265B43-90CB-4FF1-8DAA-1C35354F1D3E}.Debug|Any CPU.Build.0 = Debug|Any CPU
		{B1265B43-90CB-4FF1-8DAA-1C35354F1D3E}.Release|Any CPU.ActiveCfg = Release|Any CPU
		{B1265B43-90CB-4FF1-8DAA-1C35354F1D3E}.Release|Any CPU.Build.0 = Release|Any CPU
		{54B194E8-7952-43BB-B16D-35EC31735420}.Debug|Any CPU.ActiveCfg = Debug|Any CPU
		{54B194E8-7952-43BB-B16D-35EC31735420}.Debug|Any CPU.Build.0 = Debug|Any CPU
		{54B194E8-7952-43BB-B16D-35EC31735420}.Release|Any CPU.ActiveCfg = Release|Any CPU
		{54B194E8-7952-43BB-B16D-35EC31735420}.Release|Any CPU.Build.0 = Release|Any CPU
		{C3E85758-5D0E-4643-8706-FF5D612D3DCC}.Debug|Any CPU.ActiveCfg = Debug|Any CPU
		{C3E85758-5D0E-4643-8706-FF5D612D3DCC}.Debug|Any CPU.Build.0 = Debug|Any CPU
		{C3E85758-5D0E-4643-8706-FF5D612D3DCC}.Release|Any CPU.ActiveCfg = Release|Any CPU
		{C3E85758-5D0E-4643-8706-FF5D612D3DCC}.Release|Any CPU.Build.0 = Release|Any CPU
		{9D1F783F-5AA4-4FF5-ADAF-67B0E1558C28}.Debug|Any CPU.ActiveCfg = Debug|Any CPU
		{9D1F783F-5AA4-4FF5-ADAF-67B0E1558C28}.Debug|Any CPU.Build.0 = Debug|Any CPU
		{9D1F783F-5AA4-4FF5-ADAF-67B0E1558C28}.Release|Any CPU.ActiveCfg = Release|Any CPU
		{9D1F783F-5AA4-4FF5-ADAF-67B0E1558C28}.Release|Any CPU.Build.0 = Release|Any CPU
	EndGlobalSection
	GlobalSection(SolutionProperties) = preSolution
		HideSolutionNode = FALSE
	EndGlobalSection
	GlobalSection(ExtensibilityGlobals) = postSolution
		SolutionGuid = {3BB5DEB4-D627-496F-97AB-30BAD0CD4CC5}
	EndGlobalSection
EndGlobal
